
Microsoft Visual Studio Solution File, Format Version 11.00
# Visual Studio 2010
Project("{FAE04EC0-301F-11D3-BF4B-00C04F79EFBC}") = "UnityEngine.UI", "UnityEngine.UI.csproj", "{1dcc7d42-4eff-3bcc-4ff2-fa247b016db5}"
EndProject
Project("{FAE04EC0-301F-11D3-BF4B-00C04F79EFBC}") = "Assembly-CSharp", "Assembly-CSharp.csproj", "{2ea72351-b736-144d-c37d-eac991fe77c9}"
EndProject
Project("{FAE04EC0-301F-11D3-BF4B-00C04F79EFBC}") = "UnityEditor.UI", "UnityEditor.UI.csproj", "{a5dc255e-55f2-a028-e2a8-3f5ed0471399}"
EndProject
Global
	GlobalSection(SolutionConfigurationPlatforms) = preSolution
		Debug|Any CPU = Debug|Any CPU
	EndGlobalSection
	GlobalSection(ProjectConfigurationPlatforms) = postSolution
		{1dcc7d42-4eff-3bcc-4ff2-fa247b016db5}.Debug|Any CPU.ActiveCfg = Debug|Any CPU
		{1dcc7d42-4eff-3bcc-4ff2-fa247b016db5}.Debug|Any CPU.Build.0 = Debug|Any CPU
		{2ea72351-b736-144d-c37d-eac991fe77c9}.Debug|Any CPU.ActiveCfg = Debug|Any CPU
		{2ea72351-b736-144d-c37d-eac991fe77c9}.Debug|Any CPU.Build.0 = Debug|Any CPU
		{a5dc255e-55f2-a028-e2a8-3f5ed0471399}.Debug|Any CPU.ActiveCfg = Debug|Any CPU
		{a5dc255e-55f2-a028-e2a8-3f5ed0471399}.Debug|Any CPU.Build.0 = Debug|Any CPU
	EndGlobalSection
	GlobalSection(SolutionProperties) = preSolution
		HideSolutionNode = FALSE
	EndGlobalSection
EndGlobal
